{
  "name": "uni-shop-2",
  "version": "1.0.0",
  "lockfileVersion": 2,
  "requires": true,
  "packages": {
    "": {
      "name": "uni-shop-2",
      "version": "1.0.0",
      "license": "ISC",
      "dependencies": {
        "@dcloudio/uni-ui": "^1.4.22",
        "@escook/request-miniprogram": "^0.2.1"
      }
    },
    "node_modules/@dcloudio/uni-ui": {
      "version": "1.4.22",
      "resolved": "https://registry.npmjs.org/@dcloudio/uni-ui/-/uni-ui-1.4.22.tgz",
      "integrity": "sha512-+ymdGhp+If+iZXzgf8rOQNz7mIKenTbzO9T6zkte5YC7WuBQyH4pwWpWRTpatR81XHZwJ2zES1DvJexzSS0Huw=="
    },
    "node_modules/@escook/request-miniprogram": {
      "version": "0.2.1",
      "resolved": "https://registry.npmjs.org/@escook/request-miniprogram/-/request-miniprogram-0.2.1.tgz",
      "integrity": "sha512-ueWV5YsaEm/ycQZuEjMiA88GFMhfBQSjy9GrP9omy4xAQajkGTbYIlnhzsDfWzRPmRC1fKmAiKMrCVcgS+SHcQ=="
    }
  },
  "dependencies": {
    "@dcloudio/uni-ui": {
      "version": "1.4.22",
      "resolved": "https://registry.npmjs.org/@dcloudio/uni-ui/-/uni-ui-1.4.22.tgz",
      "integrity": "sha512-+ymdGhp+If+iZXzgf8rOQNz7mIKenTbzO9T6zkte5YC7WuBQyH4pwWpWRTpatR81XHZwJ2zES1DvJexzSS0Huw=="
    },
    "@escook/request-miniprogram": {
      "version": "0.2.1",
      "resolved": "https://registry.npmjs.org/@escook/request-miniprogram/-/request-miniprogram-0.2.1.tgz",
      "integrity": "sha512-ueWV5YsaEm/ycQZuEjMiA88GFMhfBQSjy9GrP9omy4xAQajkGTbYIlnhzsDfWzRPmRC1fKmAiKMrCVcgS+SHcQ=="
    }
  }
}
